
Microsoft Visual Studio Solution File, Format Version 12.00
# Visual Studio Version 17
VisualStudioVersion = 17.7.34009.444
MinimumVisualStudioVersion = 10.0.40219.1
Project("{FAE04EC0-301F-11D3-BF4B-00C04F79EFBC}") = "Salon", "Salon\Salon.csproj", "{317622E0-7586-4D41-BC0F-92D87BCE812A}"
EndProject
Global
	GlobalSection(SolutionConfigurationPlatforms) = preSolution
		Debug|Any CPU = Debug|Any CPU
		Release|Any CPU = Release|Any CPU
	EndGlobalSection
	GlobalSection(ProjectConfigurationPlatforms) = postSolution
		{317622E0-7586-4D41-BC0F-92D87BCE812A}.Debug|Any CPU.ActiveCfg = Debug|Any CPU
		{317622E0-7586-4D41-BC0F-92D87BCE812A}.Debug|Any CPU.Build.0 = Debug|Any CPU
		{317622E0-7586-4D41-BC0F-92D87BCE812A}.Release|Any CPU.ActiveCfg = Release|Any CPU
		{317622E0-7586-4D41-BC0F-92D87BCE812A}.Release|Any CPU.Build.0 = Release|Any CPU
	EndGlobalSection
	GlobalSection(SolutionProperties) = preSolution
		HideSolutionNode = FALSE
	EndGlobalSection
	GlobalSection(ExtensibilityGlobals) = postSolution
		SolutionGuid = {200E598C-828C-4881-9B06-2C0A056D7033}
	EndGlobalSection
EndGlobal
